
Microsoft Visual Studio Solution File, Format Version 12.00
# Visual Studio Version 17
VisualStudioVersion = 17.4.33403.182
MinimumVisualStudioVersion = 10.0.40219.1
Project("{9A19103F-16F7-4668-BE54-9A1E7A4F7556}") = "rwd_lab8", "rwd_lab8\rwd_lab8.csproj", "{769AAAAD-713F-496C-B7C6-81F9796835AD}"
EndProject
Project("{FAE04EC0-301F-11D3-BF4B-00C04F79EFBC}") = "lab8_WebApplication", "lab8_WebApplication\lab8_WebApplication.csproj", "{C4F753C2-E59F-4CFC-8C7C-93162EE01BBB}"
EndProject
Global
	GlobalSection(SolutionConfigurationPlatforms) = preSolution
		Debug|Any CPU = Debug|Any CPU
		Release|Any CPU = Release|Any CPU
	EndGlobalSection
	GlobalSection(ProjectConfigurationPlatforms) = postSolution
		{769AAAAD-713F-496C-B7C6-81F9796835AD}.Debug|Any CPU.ActiveCfg = Debug|Any CPU
		{769AAAAD-713F-496C-B7C6-81F9796835AD}.Debug|Any CPU.Build.0 = Debug|Any CPU
		{769AAAAD-713F-496C-B7C6-81F9796835AD}.Release|Any CPU.ActiveCfg = Release|Any CPU
		{769AAAAD-713F-496C-B7C6-81F9796835AD}.Release|Any CPU.Build.0 = Release|Any CPU
		{C4F753C2-E59F-4CFC-8C7C-93162EE01BBB}.Debug|Any CPU.ActiveCfg = Debug|Any CPU
		{C4F753C2-E59F-4CFC-8C7C-93162EE01BBB}.Debug|Any CPU.Build.0 = Debug|Any CPU
		{C4F753C2-E59F-4CFC-8C7C-93162EE01BBB}.Release|Any CPU.ActiveCfg = Release|Any CPU
		{C4F753C2-E59F-4CFC-8C7C-93162EE01BBB}.Release|Any CPU.Build.0 = Release|Any CPU
	EndGlobalSection
	GlobalSection(SolutionProperties) = preSolution
		HideSolutionNode = FALSE
	EndGlobalSection
	GlobalSection(ExtensibilityGlobals) = postSolution
		SolutionGuid = {A351DE47-F307-4994-BFBF-9C2EBACF0B8D}
	EndGlobalSection
EndGlobal
